
Microsoft Visual Studio Solution File, Format Version 12.00
# Visual Studio Version 16
VisualStudioVersion = 16.0.34407.143
MinimumVisualStudioVersion = 10.0.40219.1
Project("{8BC9CEB8-8B4A-11D0-8D11-00A0C91BC942}") = "test_2_07", "test_2_07\test_2_07.vcxproj", "{CAC95E9A-679C-41AA-9249-04CE12F6872C}"
EndProject
Global
	GlobalSection(SolutionConfigurationPlatforms) = preSolution
		Debug|x64 = Debug|x64
		Debug|x86 = Debug|x86
		Release|x64 = Release|x64
		Release|x86 = Release|x86
	EndGlobalSection
	GlobalSection(ProjectConfigurationPlatforms) = postSolution
		{CAC95E9A-679C-41AA-9249-04CE12F6872C}.Debug|x64.ActiveCfg = Debug|x64
		{CAC95E9A-679C-41AA-9249-04CE12F6872C}.Debug|x64.Build.0 = Debug|x64
		{CAC95E9A-679C-41AA-9249-04CE12F6872C}.Debug|x86.ActiveCfg = Debug|Win32
		{CAC95E9A-679C-41AA-9249-04CE12F6872C}.Debug|x86.Build.0 = Debug|Win32
		{CAC95E9A-679C-41AA-9249-04CE12F6872C}.Release|x64.ActiveCfg = Release|x64
		{CAC95E9A-679C-41AA-9249-04CE12F6872C}.Release|x64.Build.0 = Release|x64
		{CAC95E9A-679C-41AA-9249-04CE12F6872C}.Release|x86.ActiveCfg = Release|Win32
		{CAC95E9A-679C-41AA-9249-04CE12F6872C}.Release|x86.Build.0 = Release|Win32
	EndGlobalSection
	GlobalSection(SolutionProperties) = preSolution
		HideSolutionNode = FALSE
	EndGlobalSection
	GlobalSection(ExtensibilityGlobals) = postSolution
		SolutionGuid = {605CD79E-FBC8-46F0-91B1-FB257AF133D3}
	EndGlobalSection
EndGlobal
